
Microsoft Visual Studio Solution File, Format Version 12.00
# Visual Studio 2012
Project("{FAE04EC0-301F-11D3-BF4B-00C04F79EFBC}") = "01Sum3Int", "01Sum3Int\01Sum3Int.csproj", "{45651E2D-E0D6-4740-AC4A-54E819055C0C}"
EndProject
Project("{FAE04EC0-301F-11D3-BF4B-00C04F79EFBC}") = "02PrintCompanyInformation", "02PrintCompanyInformation\02PrintCompanyInformation.csproj", "{DDF6A9FE-91FC-4442-B511-870AF007E3BB}"
EndProject
Project("{FAE04EC0-301F-11D3-BF4B-00C04F79EFBC}") = "03CirclePerimeterAndArea", "03CirclePerimeterAndArea\03CirclePerimeterAndArea.csproj", "{9BC400A7-8A8F-41FB-986D-AAA474C9E5B4}"
EndProject
Project("{FAE04EC0-301F-11D3-BF4B-00C04F79EFBC}") = "04NumberCamparer", "04NumberCamparer\04NumberCamparer.csproj", "{01BCEBCB-4A0A-4F18-BB33-EBF5FFA2F91B}"
EndProject
Project("{FAE04EC0-301F-11D3-BF4B-00C04F79EFBC}") = "05FormattingNumbers", "05FormattingNumbers\05FormattingNumbers.csproj", "{D0760A64-7D9E-4318-91F7-208EE3020967}"
EndProject
Project("{FAE04EC0-301F-11D3-BF4B-00C04F79EFBC}") = "06QuadraticEquation", "06QuadraticEquation\06QuadraticEquation.csproj", "{AF7A514D-092E-42C1-B370-535E6D6C0F25}"
EndProject
Project("{FAE04EC0-301F-11D3-BF4B-00C04F79EFBC}") = "07SumOf5Numbers", "07SumOf5Numbers\07SumOf5Numbers.csproj", "{D2ACF70E-3F74-406A-B575-9B959F298BA4}"
EndProject
Project("{FAE04EC0-301F-11D3-BF4B-00C04F79EFBC}") = "08Number1ToN", "08Number1ToN\08Number1ToN.csproj", "{C6A5676C-831B-4AA7-B701-8814BEA2180E}"
EndProject
Project("{FAE04EC0-301F-11D3-BF4B-00C04F79EFBC}") = "09SumOfNumbers", "09SumOfNumbers\09SumOfNumbers.csproj", "{C80CA6E2-D303-4DE4-809A-6D0943325240}"
EndProject
Project("{FAE04EC0-301F-11D3-BF4B-00C04F79EFBC}") = "10FibonacciNumbers", "10FibonacciNumbers\10FibonacciNumbers.csproj", "{588D3299-9C9C-4DF0-AE7E-A5DBC555ABE3}"
EndProject
Project("{FAE04EC0-301F-11D3-BF4B-00C04F79EFBC}") = "11NumbersIntervalDividableGivenNumber", "11NumbersIntervalDividableGivenNumber\11NumbersIntervalDividableGivenNumber.csproj", "{574E84C8-092A-4B0A-96EA-0563D8B91167}"
EndProject
Global
	GlobalSection(SolutionConfigurationPlatforms) = preSolution
		Debug|Any CPU = Debug|Any CPU
		Release|Any CPU = Release|Any CPU
	EndGlobalSection
	GlobalSection(ProjectConfigurationPlatforms) = postSolution
		{45651E2D-E0D6-4740-AC4A-54E819055C0C}.Debug|Any CPU.ActiveCfg = Debug|Any CPU
		{45651E2D-E0D6-4740-AC4A-54E819055C0C}.Debug|Any CPU.Build.0 = Debug|Any CPU
		{45651E2D-E0D6-4740-AC4A-54E819055C0C}.Release|Any CPU.ActiveCfg = Release|Any CPU
		{45651E2D-E0D6-4740-AC4A-54E819055C0C}.Release|Any CPU.Build.0 = Release|Any CPU
		{DDF6A9FE-91FC-4442-B511-870AF007E3BB}.Debug|Any CPU.ActiveCfg = Debug|Any CPU
		{DDF6A9FE-91FC-4442-B511-870AF007E3BB}.Debug|Any CPU.Build.0 = Debug|Any CPU
		{DDF6A9FE-91FC-4442-B511-870AF007E3BB}.Release|Any CPU.ActiveCfg = Release|Any CPU
		{DDF6A9FE-91FC-4442-B511-870AF007E3BB}.Release|Any CPU.Build.0 = Release|Any CPU
		{9BC400A7-8A8F-41FB-986D-AAA474C9E5B4}.Debug|Any CPU.ActiveCfg = Debug|Any CPU
		{9BC400A7-8A8F-41FB-986D-AAA474C9E5B4}.Debug|Any CPU.Build.0 = Debug|Any CPU
		{9BC400A7-8A8F-41FB-986D-AAA474C9E5B4}.Release|Any CPU.ActiveCfg = Release|Any CPU
		{9BC400A7-8A8F-41FB-986D-AAA474C9E5B4}.Release|Any CPU.Build.0 = Release|Any CPU
		{01BCEBCB-4A0A-4F18-BB33-EBF5FFA2F91B}.Debug|Any CPU.ActiveCfg = Debug|Any CPU
		{01BCEBCB-4A0A-4F18-BB33-EBF5FFA2F91B}.Debug|Any CPU.Build.0 = Debug|Any CPU
		{01BCEBCB-4A0A-4F18-BB33-EBF5FFA2F91B}.Release|Any CPU.ActiveCfg = Release|Any CPU
		{01BCEBCB-4A0A-4F18-BB33-EBF5FFA2F91B}.Release|Any CPU.Build.0 = Release|Any CPU
		{D0760A64-7D9E-4318-91F7-208EE3020967}.Debug|Any CPU.ActiveCfg = Debug|Any CPU
		{D0760A64-7D9E-4318-91F7-208EE3020967}.Debug|Any CPU.Build.0 = Debug|Any CPU
		{D0760A64-7D9E-4318-91F7-208EE3020967}.Release|Any CPU.ActiveCfg = Release|Any CPU
		{D0760A64-7D9E-4318-91F7-208EE3020967}.Release|Any CPU.Build.0 = Release|Any CPU
		{AF7A514D-092E-42C1-B370-535E6D6C0F25}.Debug|Any CPU.ActiveCfg = Debug|Any CPU
		{AF7A514D-092E-42C1-B370-535E6D6C0F25}.Debug|Any CPU.Build.0 = Debug|Any CPU
		{AF7A514D-092E-42C1-B370-535E6D6C0F25}.Release|Any CPU.ActiveCfg = Release|Any CPU
		{AF7A514D-092E-42C1-B370-535E6D6C0F25}.Release|Any CPU.Build.0 = Release|Any CPU
		{D2ACF70E-3F74-406A-B575-9B959F298BA4}.Debug|Any CPU.ActiveCfg = Debug|Any CPU
		{D2ACF70E-3F74-406A-B575-9B959F298BA4}.Debug|Any CPU.Build.0 = Debug|Any CPU
		{D2ACF70E-3F74-406A-B575-9B959F298BA4}.Release|Any CPU.ActiveCfg = Release|Any CPU
		{D2ACF70E-3F74-406A-B575-9B959F298BA4}.Release|Any CPU.Build.0 = Release|Any CPU
		{C6A5676C-831B-4AA7-B701-8814BEA2180E}.Debug|Any CPU.ActiveCfg = Debug|Any CPU
		{C6A5676C-831B-4AA7-B701-8814BEA2180E}.Debug|Any CPU.Build.0 = Debug|Any CPU
		{C6A5676C-831B-4AA7-B701-8814BEA2180E}.Release|Any CPU.ActiveCfg = Release|Any CPU
		{C6A5676C-831B-4AA7-B701-8814BEA2180E}.Release|Any CPU.Build.0 = Release|Any CPU
		{C80CA6E2-D303-4DE4-809A-6D0943325240}.Debug|Any CPU.ActiveCfg = Debug|Any CPU
		{C80CA6E2-D303-4DE4-809A-6D0943325240}.Debug|Any CPU.Build.0 = Debug|Any CPU
		{C80CA6E2-D303-4DE4-809A-6D0943325240}.Release|Any CPU.ActiveCfg = Release|Any CPU
		{C80CA6E2-D303-4DE4-809A-6D0943325240}.Release|Any CPU.Build.0 = Release|Any CPU
		{588D3299-9C9C-4DF0-AE7E-A5DBC555ABE3}.Debug|Any CPU.ActiveCfg = Debug|Any CPU
		{588D3299-9C9C-4DF0-AE7E-A5DBC555ABE3}.Debug|Any CPU.Build.0 = Debug|Any CPU
		{588D3299-9C9C-4DF0-AE7E-A5DBC555ABE3}.Release|Any CPU.ActiveCfg = Release|Any CPU
		{588D3299-9C9C-4DF0-AE7E-A5DBC555ABE3}.Release|Any CPU.Build.0 = Release|Any CPU
		{574E84C8-092A-4B0A-96EA-0563D8B91167}.Debug|Any CPU.ActiveCfg = Debug|Any CPU
		{574E84C8-092A-4B0A-96EA-0563D8B91167}.Debug|Any CPU.Build.0 = Debug|Any CPU
		{574E84C8-092A-4B0A-96EA-0563D8B91167}.Release|Any CPU.ActiveCfg = Release|Any CPU
		{574E84C8-092A-4B0A-96EA-0563D8B91167}.Release|Any CPU.Build.0 = Release|Any CPU
	EndGlobalSection
	GlobalSection(SolutionProperties) = preSolution
		HideSolutionNode = FALSE
	EndGlobalSection
EndGlobal
