
Microsoft Visual Studio Solution File, Format Version 12.00
# Visual Studio 2012
Project("{FAE04EC0-301F-11D3-BF4B-00C04F79EFBC}") = "HangmanGame", "HangmanGame\HangmanGame.csproj", "{678A4A06-84E0-4DBC-BBA2-E23DA3885076}"
EndProject
Global
	GlobalSection(SolutionConfigurationPlatforms) = preSolution
		Debug|Any CPU = Debug|Any CPU
		Release|Any CPU = Release|Any CPU
	EndGlobalSection
	GlobalSection(ProjectConfigurationPlatforms) = postSolution
		{678A4A06-84E0-4DBC-BBA2-E23DA3885076}.Debug|Any CPU.ActiveCfg = Debug|Any CPU
		{678A4A06-84E0-4DBC-BBA2-E23DA3885076}.Debug|Any CPU.Build.0 = Debug|Any CPU
		{678A4A06-84E0-4DBC-BBA2-E23DA3885076}.Release|Any CPU.ActiveCfg = Release|Any CPU
		{678A4A06-84E0-4DBC-BBA2-E23DA3885076}.Release|Any CPU.Build.0 = Release|Any CPU
	EndGlobalSection
	GlobalSection(SolutionProperties) = preSolution
		HideSolutionNode = FALSE
	EndGlobalSection
EndGlobal
